
Microsoft Visual Studio Solution File, Format Version 12.00
# Visual Studio Version 17
VisualStudioVersion = 17.12.35707.178 d17.12
MinimumVisualStudioVersion = 10.0.40219.1
Project("{FAE04EC0-301F-11D3-BF4B-00C04F79EFBC}") = "Task_3", "Task_3\Task_3.csproj", "{C1938EE4-5A45-4C0D-9407-71B2C96BF05D}"
EndProject
Global
	GlobalSection(SolutionConfigurationPlatforms) = preSolution
		Debug|Any CPU = Debug|Any CPU
		Release|Any CPU = Release|Any CPU
	EndGlobalSection
	GlobalSection(ProjectConfigurationPlatforms) = postSolution
		{C1938EE4-5A45-4C0D-9407-71B2C96BF05D}.Debug|Any CPU.ActiveCfg = Debug|Any CPU
		{C1938EE4-5A45-4C0D-9407-71B2C96BF05D}.Debug|Any CPU.Build.0 = Debug|Any CPU
		{C1938EE4-5A45-4C0D-9407-71B2C96BF05D}.Release|Any CPU.ActiveCfg = Release|Any CPU
		{C1938EE4-5A45-4C0D-9407-71B2C96BF05D}.Release|Any CPU.Build.0 = Release|Any CPU
	EndGlobalSection
	GlobalSection(SolutionProperties) = preSolution
		HideSolutionNode = FALSE
	EndGlobalSection
EndGlobal
